# THIS IS AN AUTOGENERATED FILE. DO NOT EDIT THIS FILE DIRECTLY.
# yarn lockfile v1


"@oxlint/darwin-arm64@1.25.0":
  version "1.25.0"
  resolved "https://registry.yarnpkg.com/@oxlint/darwin-arm64/-/darwin-arm64-1.25.0.tgz#324c3f7bb8bc0aa18a4697e9966429e8a1290855"
  integrity sha512-OLx4XyUv5SO7k8y5FzJIoTKan+iKK53T1Ws8fBIl4zblUIWI66ZIqSVG2A2rxOBA7XfINqCz8UipGzOW9yzKcg==

"@oxlint/darwin-x64@1.25.0":
  version "1.25.0"
  resolved "https://registry.yarnpkg.com/@oxlint/darwin-x64/-/darwin-x64-1.25.0.tgz#e280ed814db6b34d8c8ba440f8a509d3323b03a9"
  integrity sha512-srndNPiliA0rchYKqYfOdqA9kqyVQ6YChK3XJe9Lxo/YG8tTJ5K65g2A5SHTT2s1Nm5DnQa5AKZH7w+7KI/m8A==

"@oxlint/linux-arm64-gnu@1.25.0":
  version "1.25.0"
  resolved "https://registry.yarnpkg.com/@oxlint/linux-arm64-gnu/-/linux-arm64-gnu-1.25.0.tgz#ce798f816a25160e215a3af10bdaf8982f68d09a"
  integrity sha512-W9+DnHDbygprpGV586BolwWES+o2raOcSJv404nOFPQjWZ09efG24nuXrg/fpyoMQb4YoW2W1fvlnyMVU+ADcw==

"@oxlint/linux-arm64-musl@1.25.0":
  version "1.25.0"
  resolved "https://registry.yarnpkg.com/@oxlint/linux-arm64-musl/-/linux-arm64-musl-1.25.0.tgz#4274d9b7059fa1ae2156623d6bd087760b22cc4f"
  integrity sha512-1tIMpQhKlItm7uKzs3lluG7KorZR5ItoNKd1iFYF/IPmZ+i0/iuZ7MVWXRjBcgQMhMYSdfZpSVEdFKcFz2HDxA==

"@oxlint/linux-x64-gnu@1.25.0":
  version "1.25.0"
  resolved "https://registry.yarnpkg.com/@oxlint/linux-x64-gnu/-/linux-x64-gnu-1.25.0.tgz#a70c617c3ade36f552ca732b0d1388f8c7136e03"
  integrity sha512-xVkmk/zkIulc5o0OUWY04DyBfKotnq9+60O9I5c0DpdKAELVLhZkLmct0apx3jAX6Z/3yYPzhc6Lw1Ia3jU3VQ==

"@oxlint/linux-x64-musl@1.25.0":
  version "1.25.0"
  resolved "https://registry.yarnpkg.com/@oxlint/linux-x64-musl/-/linux-x64-musl-1.25.0.tgz#8ea3a64f2c9783fd4b05605557d49d135eb645e8"
  integrity sha512-IeO10dZosJV58YzN0gckhRYac+FM9s5VCKUx2ghgbKR91z/bpSRcRl8Sy5cWTkcVwu3ZTikhK8aXC6j7XIqKNw==

"@oxlint/win32-arm64@1.25.0":
  version "1.25.0"
  resolved "https://registry.yarnpkg.com/@oxlint/win32-arm64/-/win32-arm64-1.25.0.tgz#e0fa8f7c42b3027276de6af0af2336580e49c695"
  integrity sha512-mpdiXZm2oNuSQAbTEPRDuSeR6v1DCD7Cl/xouR2ggHZu3AKZ4XYmm29hyrzIxrYVoQ/5j+182TGdOpGYn9xQJg==

"@oxlint/win32-x64@1.25.0":
  version "1.25.0"
  resolved "https://registry.yarnpkg.com/@oxlint/win32-x64/-/win32-x64-1.25.0.tgz#245d786d38fec3644be33457162f90931683a90c"
  integrity sha512-opoIACOkcFloWQO6dubBLbcWwW52ML8+3deFdr0WE0PeM9UXdLB0jRMuLsEnplmBoy9TRvmxDJ+Pw8xc2PsOfQ==

"@types/w3c-web-usb@^1.0.6":
  version "1.0.10"
  resolved "https://registry.yarnpkg.com/@types/w3c-web-usb/-/w3c-web-usb-1.0.10.tgz#cf89cccd2d93b6245e784c19afe0a9f5038d4528"
  integrity sha512-CHgUI5kTc/QLMP8hODUHhge0D4vx+9UiAwIGiT0sTy/B2XpdX1U5rJt6JSISgr6ikRT7vxV9EVAFeYZqUnl1gQ==

node-addon-api@^8.0.0:
  version "8.3.0"
  resolved "https://registry.yarnpkg.com/node-addon-api/-/node-addon-api-8.3.0.tgz#ec3763f18befc1cdf66d11e157ce44d5eddc0603"
  integrity sha512-8VOpLHFrOQlAH+qA0ZzuGRlALRA6/LVh8QJldbrC4DY0hXoMP0l4Acq8TzFC018HztWiRqyCEj2aTWY2UvnJUg==

node-gyp-build@^4.5.0:
  version "4.8.0"
  resolved "https://registry.yarnpkg.com/node-gyp-build/-/node-gyp-build-4.8.0.tgz#3fee9c1731df4581a3f9ead74664369ff00d26dd"
  integrity sha512-u6fs2AEUljNho3EYTJNBfImO5QTo/J/1Etd+NVdCj7qWKUSN/bSLkZwhDv7I+w/MSC6qJ4cknepkAYykDdK8og==

oxlint@1.25.0:
  version "1.25.0"
  resolved "https://registry.yarnpkg.com/oxlint/-/oxlint-1.25.0.tgz#600a9cd62f1cc8a1898422677a84084bf529930b"
  integrity sha512-O6iJ9xeuy9eQCi8/EghvsNO6lzSaUPs0FR1uLy51Exp3RkVpjvJKyPPhd9qv65KLnfG/BNd2HE/rH0NbEfVVzA==
  optionalDependencies:
    "@oxlint/darwin-arm64" "1.25.0"
    "@oxlint/darwin-x64" "1.25.0"
    "@oxlint/linux-arm64-gnu" "1.25.0"
    "@oxlint/linux-arm64-musl" "1.25.0"
    "@oxlint/linux-x64-gnu" "1.25.0"
    "@oxlint/linux-x64-musl" "1.25.0"
    "@oxlint/win32-arm64" "1.25.0"
    "@oxlint/win32-x64" "1.25.0"

usb@2.17.0:
  version "2.17.0"
  resolved "https://registry.yarnpkg.com/usb/-/usb-2.17.0.tgz#ab4662aee723f0ed7c2a70ee622ff8d59491f018"
  integrity sha512-UuFgrlglgDn5ll6d5l7kl3nDb2Yx43qLUGcDq+7UNLZLtbNug0HZBb2Xodhgx2JZB1LqvU+dOGqLEeYUeZqsHg==
  dependencies:
    "@types/w3c-web-usb" "^1.0.6"
    node-addon-api "^8.0.0"
    node-gyp-build "^4.5.0"
